
Microsoft Visual Studio Solution File, Format Version 12.00
# Visual Studio Version 17
VisualStudioVersion = 17.2.32630.192
MinimumVisualStudioVersion = 10.0.40219.1
Project("{FAE04EC0-301F-11D3-BF4B-00C04F79EFBC}") = "DemoXO", "DemoXO\DemoXO.csproj", "{1DB8C041-37A2-4CAE-8B6F-DDA4812AAC9B}"
EndProject
Global
	GlobalSection(SolutionConfigurationPlatforms) = preSolution
		Debug|Any CPU = Debug|Any CPU
		Release|Any CPU = Release|Any CPU
	EndGlobalSection
	GlobalSection(ProjectConfigurationPlatforms) = postSolution
		{1DB8C041-37A2-4CAE-8B6F-DDA4812AAC9B}.Debug|Any CPU.ActiveCfg = Debug|Any CPU
		{1DB8C041-37A2-4CAE-8B6F-DDA4812AAC9B}.Debug|Any CPU.Build.0 = Debug|Any CPU
		{1DB8C041-37A2-4CAE-8B6F-DDA4812AAC9B}.Release|Any CPU.ActiveCfg = Release|Any CPU
		{1DB8C041-37A2-4CAE-8B6F-DDA4812AAC9B}.Release|Any CPU.Build.0 = Release|Any CPU
	EndGlobalSection
	GlobalSection(SolutionProperties) = preSolution
		HideSolutionNode = FALSE
	EndGlobalSection
	GlobalSection(ExtensibilityGlobals) = postSolution
		SolutionGuid = {F570FC83-2C28-4CC8-B141-0E68BE74DEDE}
	EndGlobalSection
EndGlobal
